
Microsoft Visual Studio Solution File, Format Version 12.00
# Visual Studio Version 17
VisualStudioVersion = 17.0.31903.59
MinimumVisualStudioVersion = 10.0.40219.1
Project("{FAE04EC0-301F-11D3-BF4B-00C04F79EFBC}") = "Task1", "Task1\Task1.csproj", "{94F23CA8-EE11-479F-8D9F-AFE7B3FDEE1F}"
EndProject
Project("{FAE04EC0-301F-11D3-BF4B-00C04F79EFBC}") = "Task2", "Task2\Task2.csproj", "{32E31EF0-1DC8-497B-B3D6-419350C9197B}"
EndProject
Project("{FAE04EC0-301F-11D3-BF4B-00C04F79EFBC}") = "Task3", "Task3\Task3.csproj", "{162F8655-42F7-44D2-B57E-04EE91733290}"
EndProject
Project("{FAE04EC0-301F-11D3-BF4B-00C04F79EFBC}") = "Task4", "Task4\Task4.csproj", "{C88B029D-CDE6-449F-9C9F-EC9C6EF592A6}"
EndProject
Project("{FAE04EC0-301F-11D3-BF4B-00C04F79EFBC}") = "Task5", "Task5\Task5.csproj", "{32F2BFE3-946F-4F56-B358-0B14B9C080AD}"
EndProject
Project("{FAE04EC0-301F-11D3-BF4B-00C04F79EFBC}") = "Task6", "Task6\Task6.csproj", "{BB39C35C-B4A9-4184-BF22-A8A651C00C4E}"
EndProject
Project("{FAE04EC0-301F-11D3-BF4B-00C04F79EFBC}") = "Task7", "Task7\Task7.csproj", "{B2A474B9-DFF9-49C2-8003-7BE01D637658}"
EndProject
Project("{FAE04EC0-301F-11D3-BF4B-00C04F79EFBC}") = "Task8", "Task8\Task8.csproj", "{576E0F66-738D-4B9F-9B7B-7A55D7AF74AC}"
EndProject
Global
	GlobalSection(SolutionConfigurationPlatforms) = preSolution
		Debug|Any CPU = Debug|Any CPU
		Debug|x64 = Debug|x64
		Debug|x86 = Debug|x86
		Release|Any CPU = Release|Any CPU
		Release|x64 = Release|x64
		Release|x86 = Release|x86
	EndGlobalSection
	GlobalSection(ProjectConfigurationPlatforms) = postSolution
		{94F23CA8-EE11-479F-8D9F-AFE7B3FDEE1F}.Debug|Any CPU.ActiveCfg = Debug|Any CPU
		{94F23CA8-EE11-479F-8D9F-AFE7B3FDEE1F}.Debug|Any CPU.Build.0 = Debug|Any CPU
		{94F23CA8-EE11-479F-8D9F-AFE7B3FDEE1F}.Debug|x64.ActiveCfg = Debug|Any CPU
		{94F23CA8-EE11-479F-8D9F-AFE7B3FDEE1F}.Debug|x64.Build.0 = Debug|Any CPU
		{94F23CA8-EE11-479F-8D9F-AFE7B3FDEE1F}.Debug|x86.ActiveCfg = Debug|Any CPU
		{94F23CA8-EE11-479F-8D9F-AFE7B3FDEE1F}.Debug|x86.Build.0 = Debug|Any CPU
		{94F23CA8-EE11-479F-8D9F-AFE7B3FDEE1F}.Release|Any CPU.ActiveCfg = Release|Any CPU
		{94F23CA8-EE11-479F-8D9F-AFE7B3FDEE1F}.Release|Any CPU.Build.0 = Release|Any CPU
		{94F23CA8-EE11-479F-8D9F-AFE7B3FDEE1F}.Release|x64.ActiveCfg = Release|Any CPU
		{94F23CA8-EE11-479F-8D9F-AFE7B3FDEE1F}.Release|x64.Build.0 = Release|Any CPU
		{94F23CA8-EE11-479F-8D9F-AFE7B3FDEE1F}.Release|x86.ActiveCfg = Release|Any CPU
		{94F23CA8-EE11-479F-8D9F-AFE7B3FDEE1F}.Release|x86.Build.0 = Release|Any CPU
		{32E31EF0-1DC8-497B-B3D6-419350C9197B}.Debug|Any CPU.ActiveCfg = Debug|Any CPU
		{32E31EF0-1DC8-497B-B3D6-419350C9197B}.Debug|Any CPU.Build.0 = Debug|Any CPU
		{32E31EF0-1DC8-497B-B3D6-419350C9197B}.Debug|x64.ActiveCfg = Debug|Any CPU
		{32E31EF0-1DC8-497B-B3D6-419350C9197B}.Debug|x64.Build.0 = Debug|Any CPU
		{32E31EF0-1DC8-497B-B3D6-419350C9197B}.Debug|x86.ActiveCfg = Debug|Any CPU
		{32E31EF0-1DC8-497B-B3D6-419350C9197B}.Debug|x86.Build.0 = Debug|Any CPU
		{32E31EF0-1DC8-497B-B3D6-419350C9197B}.Release|Any CPU.ActiveCfg = Release|Any CPU
		{32E31EF0-1DC8-497B-B3D6-419350C9197B}.Release|Any CPU.Build.0 = Release|Any CPU
		{32E31EF0-1DC8-497B-B3D6-419350C9197B}.Release|x64.ActiveCfg = Release|Any CPU
		{32E31EF0-1DC8-497B-B3D6-419350C9197B}.Release|x64.Build.0 = Release|Any CPU
		{32E31EF0-1DC8-497B-B3D6-419350C9197B}.Release|x86.ActiveCfg = Release|Any CPU
		{32E31EF0-1DC8-497B-B3D6-419350C9197B}.Release|x86.Build.0 = Release|Any CPU
		{162F8655-42F7-44D2-B57E-04EE91733290}.Debug|Any CPU.ActiveCfg = Debug|Any CPU
		{162F8655-42F7-44D2-B57E-04EE91733290}.Debug|Any CPU.Build.0 = Debug|Any CPU
		{162F8655-42F7-44D2-B57E-04EE91733290}.Debug|x64.ActiveCfg = Debug|Any CPU
		{162F8655-42F7-44D2-B57E-04EE91733290}.Debug|x64.Build.0 = Debug|Any CPU
		{162F8655-42F7-44D2-B57E-04EE91733290}.Debug|x86.ActiveCfg = Debug|Any CPU
		{162F8655-42F7-44D2-B57E-04EE91733290}.Debug|x86.Build.0 = Debug|Any CPU
		{162F8655-42F7-44D2-B57E-04EE91733290}.Release|Any CPU.ActiveCfg = Release|Any CPU
		{162F8655-42F7-44D2-B57E-04EE91733290}.Release|Any CPU.Build.0 = Release|Any CPU
		{162F8655-42F7-44D2-B57E-04EE91733290}.Release|x64.ActiveCfg = Release|Any CPU
		{162F8655-42F7-44D2-B57E-04EE91733290}.Release|x64.Build.0 = Release|Any CPU
		{162F8655-42F7-44D2-B57E-04EE91733290}.Release|x86.ActiveCfg = Release|Any CPU
		{162F8655-42F7-44D2-B57E-04EE91733290}.Release|x86.Build.0 = Release|Any CPU
		{C88B029D-CDE6-449F-9C9F-EC9C6EF592A6}.Debug|Any CPU.ActiveCfg = Debug|Any CPU
		{C88B029D-CDE6-449F-9C9F-EC9C6EF592A6}.Debug|Any CPU.Build.0 = Debug|Any CPU
		{C88B029D-CDE6-449F-9C9F-EC9C6EF592A6}.Debug|x64.ActiveCfg = Debug|Any CPU
		{C88B029D-CDE6-449F-9C9F-EC9C6EF592A6}.Debug|x64.Build.0 = Debug|Any CPU
		{C88B029D-CDE6-449F-9C9F-EC9C6EF592A6}.Debug|x86.ActiveCfg = Debug|Any CPU
		{C88B029D-CDE6-449F-9C9F-EC9C6EF592A6}.Debug|x86.Build.0 = Debug|Any CPU
		{C88B029D-CDE6-449F-9C9F-EC9C6EF592A6}.Release|Any CPU.ActiveCfg = Release|Any CPU
		{C88B029D-CDE6-449F-9C9F-EC9C6EF592A6}.Release|Any CPU.Build.0 = Release|Any CPU
		{C88B029D-CDE6-449F-9C9F-EC9C6EF592A6}.Release|x64.ActiveCfg = Release|Any CPU
		{C88B029D-CDE6-449F-9C9F-EC9C6EF592A6}.Release|x64.Build.0 = Release|Any CPU
		{C88B029D-CDE6-449F-9C9F-EC9C6EF592A6}.Release|x86.ActiveCfg = Release|Any CPU
		{C88B029D-CDE6-449F-9C9F-EC9C6EF592A6}.Release|x86.Build.0 = Release|Any CPU
		{32F2BFE3-946F-4F56-B358-0B14B9C080AD}.Debug|Any CPU.ActiveCfg = Debug|Any CPU
		{32F2BFE3-946F-4F56-B358-0B14B9C080AD}.Debug|Any CPU.Build.0 = Debug|Any CPU
		{32F2BFE3-946F-4F56-B358-0B14B9C080AD}.Debug|x64.ActiveCfg = Debug|Any CPU
		{32F2BFE3-946F-4F56-B358-0B14B9C080AD}.Debug|x64.Build.0 = Debug|Any CPU
		{32F2BFE3-946F-4F56-B358-0B14B9C080AD}.Debug|x86.ActiveCfg = Debug|Any CPU
		{32F2BFE3-946F-4F56-B358-0B14B9C080AD}.Debug|x86.Build.0 = Debug|Any CPU
		{32F2BFE3-946F-4F56-B358-0B14B9C080AD}.Release|Any CPU.ActiveCfg = Release|Any CPU
		{32F2BFE3-946F-4F56-B358-0B14B9C080AD}.Release|Any CPU.Build.0 = Release|Any CPU
		{32F2BFE3-946F-4F56-B358-0B14B9C080AD}.Release|x64.ActiveCfg = Release|Any CPU
		{32F2BFE3-946F-4F56-B358-0B14B9C080AD}.Release|x64.Build.0 = Release|Any CPU
		{32F2BFE3-946F-4F56-B358-0B14B9C080AD}.Release|x86.ActiveCfg = Release|Any CPU
		{32F2BFE3-946F-4F56-B358-0B14B9C080AD}.Release|x86.Build.0 = Release|Any CPU
		{BB39C35C-B4A9-4184-BF22-A8A651C00C4E}.Debug|Any CPU.ActiveCfg = Debug|Any CPU
		{BB39C35C-B4A9-4184-BF22-A8A651C00C4E}.Debug|Any CPU.Build.0 = Debug|Any CPU
		{BB39C35C-B4A9-4184-BF22-A8A651C00C4E}.Debug|x64.ActiveCfg = Debug|Any CPU
		{BB39C35C-B4A9-4184-BF22-A8A651C00C4E}.Debug|x64.Build.0 = Debug|Any CPU
		{BB39C35C-B4A9-4184-BF22-A8A651C00C4E}.Debug|x86.ActiveCfg = Debug|Any CPU
		{BB39C35C-B4A9-4184-BF22-A8A651C00C4E}.Debug|x86.Build.0 = Debug|Any CPU
		{BB39C35C-B4A9-4184-BF22-A8A651C00C4E}.Release|Any CPU.ActiveCfg = Release|Any CPU
		{BB39C35C-B4A9-4184-BF22-A8A651C00C4E}.Release|Any CPU.Build.0 = Release|Any CPU
		{BB39C35C-B4A9-4184-BF22-A8A651C00C4E}.Release|x64.ActiveCfg = Release|Any CPU
		{BB39C35C-B4A9-4184-BF22-A8A651C00C4E}.Release|x64.Build.0 = Release|Any CPU
		{BB39C35C-B4A9-4184-BF22-A8A651C00C4E}.Release|x86.ActiveCfg = Release|Any CPU
		{BB39C35C-B4A9-4184-BF22-A8A651C00C4E}.Release|x86.Build.0 = Release|Any CPU
		{B2A474B9-DFF9-49C2-8003-7BE01D637658}.Debug|Any CPU.ActiveCfg = Debug|Any CPU
		{B2A474B9-DFF9-49C2-8003-7BE01D637658}.Debug|Any CPU.Build.0 = Debug|Any CPU
		{B2A474B9-DFF9-49C2-8003-7BE01D637658}.Debug|x64.ActiveCfg = Debug|Any CPU
		{B2A474B9-DFF9-49C2-8003-7BE01D637658}.Debug|x64.Build.0 = Debug|Any CPU
		{B2A474B9-DFF9-49C2-8003-7BE01D637658}.Debug|x86.ActiveCfg = Debug|Any CPU
		{B2A474B9-DFF9-49C2-8003-7BE01D637658}.Debug|x86.Build.0 = Debug|Any CPU
		{B2A474B9-DFF9-49C2-8003-7BE01D637658}.Release|Any CPU.ActiveCfg = Release|Any CPU
		{B2A474B9-DFF9-49C2-8003-7BE01D637658}.Release|Any CPU.Build.0 = Release|Any CPU
		{B2A474B9-DFF9-49C2-8003-7BE01D637658}.Release|x64.ActiveCfg = Release|Any CPU
		{B2A474B9-DFF9-49C2-8003-7BE01D637658}.Release|x64.Build.0 = Release|Any CPU
		{B2A474B9-DFF9-49C2-8003-7BE01D637658}.Release|x86.ActiveCfg = Release|Any CPU
		{B2A474B9-DFF9-49C2-8003-7BE01D637658}.Release|x86.Build.0 = Release|Any CPU
		{576E0F66-738D-4B9F-9B7B-7A55D7AF74AC}.Debug|Any CPU.ActiveCfg = Debug|Any CPU
		{576E0F66-738D-4B9F-9B7B-7A55D7AF74AC}.Debug|Any CPU.Build.0 = Debug|Any CPU
		{576E0F66-738D-4B9F-9B7B-7A55D7AF74AC}.Debug|x64.ActiveCfg = Debug|Any CPU
		{576E0F66-738D-4B9F-9B7B-7A55D7AF74AC}.Debug|x64.Build.0 = Debug|Any CPU
		{576E0F66-738D-4B9F-9B7B-7A55D7AF74AC}.Debug|x86.ActiveCfg = Debug|Any CPU
		{576E0F66-738D-4B9F-9B7B-7A55D7AF74AC}.Debug|x86.Build.0 = Debug|Any CPU
		{576E0F66-738D-4B9F-9B7B-7A55D7AF74AC}.Release|Any CPU.ActiveCfg = Release|Any CPU
		{576E0F66-738D-4B9F-9B7B-7A55D7AF74AC}.Release|Any CPU.Build.0 = Release|Any CPU
		{576E0F66-738D-4B9F-9B7B-7A55D7AF74AC}.Release|x64.ActiveCfg = Release|Any CPU
		{576E0F66-738D-4B9F-9B7B-7A55D7AF74AC}.Release|x64.Build.0 = Release|Any CPU
		{576E0F66-738D-4B9F-9B7B-7A55D7AF74AC}.Release|x86.ActiveCfg = Release|Any CPU
		{576E0F66-738D-4B9F-9B7B-7A55D7AF74AC}.Release|x86.Build.0 = Release|Any CPU
	EndGlobalSection
	GlobalSection(SolutionProperties) = preSolution
		HideSolutionNode = FALSE
	EndGlobalSection
EndGlobal
